
Microsoft Visual Studio Solution File, Format Version 12.00
# Visual Studio Version 16
VisualStudioVersion = 16.0.29209.152
MinimumVisualStudioVersion = 10.0.40219.1
Project("{FAE04EC0-301F-11D3-BF4B-00C04F79EFBC}") = "48 Hour Clock", "48 Hour Clock.csproj", "{941EA379-7B2B-43E7-89E6-27BFB95C6E8C}"
EndProject
Global
	GlobalSection(SolutionConfigurationPlatforms) = preSolution
		Debug|Any CPU = Debug|Any CPU
		Release|Any CPU = Release|Any CPU
	EndGlobalSection
	GlobalSection(ProjectConfigurationPlatforms) = postSolution
		{941EA379-7B2B-43E7-89E6-27BFB95C6E8C}.Debug|Any CPU.ActiveCfg = Debug|Any CPU
		{941EA379-7B2B-43E7-89E6-27BFB95C6E8C}.Debug|Any CPU.Build.0 = Debug|Any CPU
		{941EA379-7B2B-43E7-89E6-27BFB95C6E8C}.Release|Any CPU.ActiveCfg = Release|Any CPU
		{941EA379-7B2B-43E7-89E6-27BFB95C6E8C}.Release|Any CPU.Build.0 = Release|Any CPU
	EndGlobalSection
	GlobalSection(SolutionProperties) = preSolution
		HideSolutionNode = FALSE
	EndGlobalSection
	GlobalSection(ExtensibilityGlobals) = postSolution
		SolutionGuid = {D527A261-64D4-40CB-8B53-9B787C86160B}
	EndGlobalSection
EndGlobal
